{
  "version": 4,
  "terraform_version": "1.0.2",
  "serial": 8,
  "lineage": "89e53de2-9574-1378-b4b8-239c570ff08d",
  "outputs": {},
  "resources": [
    {
      "mode": "managed",
      "type": "aws_vpc",
      "name": "myVPC1",
      "provider": "provider[\"registry.terraform.io/hashicorp/aws\"]",
      "instances": [
        {
          "schema_version": 1,
          "attributes": {
            "arn": "arn:aws:ec2:eu-west-2:612190425465:vpc/vpc-0e87e9b43178c9a34",
            "assign_generated_ipv6_cidr_block": false,
            "cidr_block": "192.168.0.0/24",
            "default_network_acl_id": "acl-088516aaae54d5669",
            "default_route_table_id": "rtb-0a5a5a1f572ee3f7d",
            "default_security_group_id": "sg-0315d02a3a5d95573",
            "dhcp_options_id": "dopt-681d1500",
            "enable_classiclink": false,
            "enable_classiclink_dns_support": false,
            "enable_dns_hostnames": false,
            "enable_dns_support": true,
            "id": "vpc-0e87e9b43178c9a34",
            "instance_tenancy": "default",
            "ipv4_ipam_pool_id": null,
            "ipv4_netmask_length": null,
            "ipv6_association_id": "",
            "ipv6_cidr_block": "",
            "ipv6_cidr_block_network_border_group": "",
            "ipv6_ipam_pool_id": "",
            "ipv6_netmask_length": 0,
            "main_route_table_id": "rtb-0a5a5a1f572ee3f7d",
            "owner_id": "612190425465",
            "tags": {
              "author": "babak",
              "name": "TerraformVPC"
            },
            "tags_all": {
              "author": "babak",
              "name": "TerraformVPC"
            }
          },
          "sensitive_attributes": [],
          "private": "eyJzY2hlbWFfdmVyc2lvbiI6IjEifQ=="
        }
      ]
    }
  ]
}
